version = 1
requires-python = ">=3.12"

[[package]]
name = "appdirs"
version = "1.4.4"
source = { registry = "https://pypi.org/simple" }
sdist = { url = "https://files.pythonhosted.org/packages/d7/d8/05696357e0311f5b5c316d7b95f46c669dd9c15aaeecbb48c7d0aeb88c40/appdirs-1.4.4.tar.gz", hash = "sha256:7d5d0167b2b1ba821647616af46a749d1c653740dd0d2415100fe26e27afdf41", size = 13470 }
wheels = [
    { url = "https://files.pythonhosted.org/packages/3b/00/2344469e2084fb287c2e0b57b72910309874c3245463acd6cf5e3db69324/appdirs-1.4.4-py2.py3-none-any.whl", hash = "sha256:a841dacd6b99318a741b166adb07e19ee71a274450e68237b4650ca1055ab128", size = 9566 },
]

[[package]]
name = "click"
version = "8.1.7"
source = { registry = "https://pypi.org/simple" }
dependencies = [
    { name = "colorama", marker = "platform_system == 'Windows'" },
]
sdist = { url = "https://files.pythonhosted.org/packages/96/d3/f04c7bfcf5c1862a2a5b845c6b2b360488cf47af55dfa79c98f6a6bf98b5/click-8.1.7.tar.gz", hash = "sha256:ca9853ad459e787e2192211578cc907e7594e294c7ccc834310722b41b9ca6de", size = 336121 }
wheels = [
    { url = "https://files.pythonhosted.org/packages/00/2e/d53fa4befbf2cfa713304affc7ca780ce4fc1fd8710527771b58311a3229/click-8.1.7-py3-none-any.whl", hash = "sha256:ae74fb96c20a0277a1d615f1e4d73c8414f5a98db8b799a7931d1582f3390c28", size = 97941 },
]

[[package]]
name = "colorama"
version = "0.4.6"
source = { registry = "https://pypi.org/simple" }
sdist = { url = "https://files.pythonhosted.org/packages/d8/53/6f443c9a4a8358a93a6792e2acffb9d9d5cb0a5cfd8802644b7b1c9a02e4/colorama-0.4.6.tar.gz", hash = "sha256:08695f5cb7ed6e0531a20572697297273c47b8cae5a63ffc6d6ed5c201be6e44", size = 27697 }
wheels = [
    { url = "https://files.pythonhosted.org/packages/d1/d6/3965ed04c63042e047cb6a3e6ed1a63a35087b6a609aa3a15ed8ac56c221/colorama-0.4.6-py2.py3-none-any.whl", hash = "sha256:4f1d9991f5acc0ca119f9d443620b77f9d6b33703e51011c16baf57afb285fc6", size = 25335 },
]

[[package]]
name = "inotify"
version = "0.2.10"
source = { registry = "https://pypi.org/simple" }
dependencies = [
    { name = "nose" },
]
sdist = { url = "https://files.pythonhosted.org/packages/35/cb/6d564f8a3f25d9516298dce151670d01e43a4b3b769c1c15f40453179cd5/inotify-0.2.10.tar.gz", hash = "sha256:974a623a338482b62e16d4eb705fb863ed33ec178680fc3e96ccdf0df6c02a07", size = 9905 }

[[package]]
name = "markdown-it-py"
version = "3.0.0"
source = { registry = "https://pypi.org/simple" }
dependencies = [
    { name = "mdurl" },
]
sdist = { url = "https://files.pythonhosted.org/packages/38/71/3b932df36c1a044d397a1f92d1cf91ee0a503d91e470cbd670aa66b07ed0/markdown-it-py-3.0.0.tar.gz", hash = "sha256:e3f60a94fa066dc52ec76661e37c851cb232d92f9886b15cb560aaada2df8feb", size = 74596 }
wheels = [
    { url = "https://files.pythonhosted.org/packages/42/d7/1ec15b46af6af88f19b8e5ffea08fa375d433c998b8a7639e76935c14f1f/markdown_it_py-3.0.0-py3-none-any.whl", hash = "sha256:355216845c60bd96232cd8d8c40e8f9765cc86f46880e43a8fd22dc1a1a8cab1", size = 87528 },
]

[[package]]
name = "mdurl"
version = "0.1.2"
source = { registry = "https://pypi.org/simple" }
sdist = { url = "https://files.pythonhosted.org/packages/d6/54/cfe61301667036ec958cb99bd3efefba235e65cdeb9c84d24a8293ba1d90/mdurl-0.1.2.tar.gz", hash = "sha256:bb413d29f5eea38f31dd4754dd7377d4465116fb207585f97bf925588687c1ba", size = 8729 }
wheels = [
    { url = "https://files.pythonhosted.org/packages/b3/38/89ba8ad64ae25be8de66a6d463314cf1eb366222074cfda9ee839c56a4b4/mdurl-0.1.2-py3-none-any.whl", hash = "sha256:84008a41e51615a49fc9966191ff91509e3c40b939176e643fd50a5c2196b8f8", size = 9979 },
]

[[package]]
name = "more-itertools"
version = "10.5.0"
source = { registry = "https://pypi.org/simple" }
sdist = { url = "https://files.pythonhosted.org/packages/51/78/65922308c4248e0eb08ebcbe67c95d48615cc6f27854b6f2e57143e9178f/more-itertools-10.5.0.tar.gz", hash = "sha256:5482bfef7849c25dc3c6dd53a6173ae4795da2a41a80faea6700d9f5846c5da6", size = 121020 }
wheels = [
    { url = "https://files.pythonhosted.org/packages/48/7e/3a64597054a70f7c86eb0a7d4fc315b8c1ab932f64883a297bdffeb5f967/more_itertools-10.5.0-py3-none-any.whl", hash = "sha256:037b0d3203ce90cca8ab1defbbdac29d5f993fc20131f3664dc8d6acfa872aef", size = 60952 },
]

[[package]]
name = "nose"
version = "1.3.7"
source = { registry = "https://pypi.org/simple" }
sdist = { url = "https://files.pythonhosted.org/packages/58/a5/0dc93c3ec33f4e281849523a5a913fa1eea9a3068acfa754d44d88107a44/nose-1.3.7.tar.gz", hash = "sha256:f1bffef9cbc82628f6e7d7b40d7e255aefaa1adb6a1b1d26c69a8b79e6208a98", size = 280488 }
wheels = [
    { url = "https://files.pythonhosted.org/packages/15/d8/dd071918c040f50fa1cf80da16423af51ff8ce4a0f2399b7bf8de45ac3d9/nose-1.3.7-py3-none-any.whl", hash = "sha256:9ff7c6cc443f8c51994b34a667bbcf45afd6d945be7477b52e97516fd17c53ac", size = 154731 },
]

[[package]]
name = "numpy"
version = "2.1.2"
source = { registry = "https://pypi.org/simple" }
sdist = { url = "https://files.pythonhosted.org/packages/4b/d1/8a730ea07f4a37d94f9172f4ce1d81064b7a64766b460378be278952de75/numpy-2.1.2.tar.gz", hash = "sha256:13532a088217fa624c99b843eeb54640de23b3414b14aa66d023805eb731066c", size = 18878063 }
wheels = [
    { url = "https://files.pythonhosted.org/packages/a0/7d/554a6838f37f3ada5a55f25173c619d556ae98092a6e01afb6e710501d70/numpy-2.1.2-cp312-cp312-macosx_10_13_x86_64.whl", hash = "sha256:d7bf0a4f9f15b32b5ba53147369e94296f5fffb783db5aacc1be15b4bf72f43b", size = 20848077 },
    { url = "https://files.pythonhosted.org/packages/b0/29/cb48a402ea879e645b16218718f3f7d9588a77d674a9dcf22e4c43487636/numpy-2.1.2-cp312-cp312-macosx_11_0_arm64.whl", hash = "sha256:b1d0fcae4f0949f215d4632be684a539859b295e2d0cb14f78ec231915d644db", size = 13493242 },
    { url = "https://files.pythonhosted.org/packages/56/44/f899b0581766c230da42f751b7b8896d096640b19b312164c267e48d36cb/numpy-2.1.2-cp312-cp312-macosx_14_0_arm64.whl", hash = "sha256:f751ed0a2f250541e19dfca9f1eafa31a392c71c832b6bb9e113b10d050cb0f1", size = 5089219 },
    { url = "https://files.pythonhosted.org/packages/79/8f/b987070d45161a7a4504afc67ed38544ed2c0ed5576263599a0402204a9c/numpy-2.1.2-cp312-cp312-macosx_14_0_x86_64.whl", hash = "sha256:bd33f82e95ba7ad632bc57837ee99dba3d7e006536200c4e9124089e1bf42426", size = 6620167 },
    { url = "https://files.pythonhosted.org/packages/c4/a7/af3329fda3c3ec31d9b650e42bbcd3422fc62a765cbb1405fde4177a0996/numpy-2.1.2-cp312-cp312-manylinux_2_17_aarch64.manylinux2014_aarch64.whl", hash = "sha256:1b8cde4f11f0a975d1fd59373b32e2f5a562ade7cde4f85b7137f3de8fbb29a0", size = 13604905 },
    { url = "https://files.pythonhosted.org/packages/9b/b4/e3c7e6fab0f77fff6194afa173d1f2342073d91b1d3b4b30b17c3fb4407a/numpy-2.1.2-cp312-cp312-manylinux_2_17_x86_64.manylinux2014_x86_64.whl", hash = "sha256:6d95f286b8244b3649b477ac066c6906fbb2905f8ac19b170e2175d3d799f4df", size = 16041825 },
    { url = "https://files.pythonhosted.org/packages/e9/50/6828e66a78aa03147c111f84d55f33ce2dde547cb578d6744a3b06a0124b/numpy-2.1.2-cp312-cp312-musllinux_1_1_x86_64.whl", hash = "sha256:ab4754d432e3ac42d33a269c8567413bdb541689b02d93788af4131018cbf366", size = 16409541 },
    { url = "https://files.pythonhosted.org/packages/bf/72/66af7916d9c3c6dbfbc8acdd4930c65461e1953374a2bc43d00f948f004a/numpy-2.1.2-cp312-cp312-musllinux_1_2_aarch64.whl", hash = "sha256:e585c8ae871fd38ac50598f4763d73ec5497b0de9a0ab4ef5b69f01c6a046142", size = 14081134 },
    { url = "https://files.pythonhosted.org/packages/dc/5a/59a67d84f33fe00ae74f0b5b69dd4f93a586a4aba7f7e19b54b2133db038/numpy-2.1.2-cp312-cp312-win32.whl", hash = "sha256:9c6c754df29ce6a89ed23afb25550d1c2d5fdb9901d9c67a16e0b16eaf7e2550", size = 6237784 },
    { url = "https://files.pythonhosted.org/packages/4c/79/73735a6a5dad6059c085f240a4e74c9270feccd2bc66e4d31b5ca01d329c/numpy-2.1.2-cp312-cp312-win_amd64.whl", hash = "sha256:456e3b11cb79ac9946c822a56346ec80275eaf2950314b249b512896c0d2505e", size = 12568254 },
    { url = "https://files.pythonhosted.org/packages/16/72/716fa1dbe92395a9a623d5049203ff8ddb0cfce65b9df9117c3696ccc011/numpy-2.1.2-cp313-cp313-macosx_10_13_x86_64.whl", hash = "sha256:a84498e0d0a1174f2b3ed769b67b656aa5460c92c9554039e11f20a05650f00d", size = 20834690 },
    { url = "https://files.pythonhosted.org/packages/1e/fb/3e85a39511586053b5c6a59a643879e376fae22230ebfef9cfabb0e032e2/numpy-2.1.2-cp313-cp313-macosx_11_0_arm64.whl", hash = "sha256:4d6ec0d4222e8ffdab1744da2560f07856421b367928026fb540e1945f2eeeaf", size = 13507474 },
    { url = "https://files.pythonhosted.org/packages/35/eb/5677556d9ba13436dab51e129f98d4829d95cd1b6bd0e199c14485a4bdb9/numpy-2.1.2-cp313-cp313-macosx_14_0_arm64.whl", hash = "sha256:259ec80d54999cc34cd1eb8ded513cb053c3bf4829152a2e00de2371bd406f5e", size = 5074742 },
    { url = "https://files.pythonhosted.org/packages/3e/c5/6c5ef5ba41b65a7e51bed50dbf3e1483eb578055633dd013e811a28e96a1/numpy-2.1.2-cp313-cp313-macosx_14_0_x86_64.whl", hash = "sha256:675c741d4739af2dc20cd6c6a5c4b7355c728167845e3c6b0e824e4e5d36a6c3", size = 6606787 },
    { url = "https://files.pythonhosted.org/packages/08/ac/f2f29dd4fd325b379c7dc932a0ebab22f0e031dbe80b2f6019b291a3a544/numpy-2.1.2-cp313-cp313-manylinux_2_17_aarch64.manylinux2014_aarch64.whl", hash = "sha256:05b2d4e667895cc55e3ff2b56077e4c8a5604361fc21a042845ea3ad67465aa8", size = 13601333 },
    { url = "https://files.pythonhosted.org/packages/44/26/63f5f4e5089654dfb858f4892215ed968cd1a68e6f4a83f9961f84f855cb/numpy-2.1.2-cp313-cp313-manylinux_2_17_x86_64.manylinux2014_x86_64.whl", hash = "sha256:43cca367bf94a14aca50b89e9bc2061683116cfe864e56740e083392f533ce7a", size = 16038090 },
    { url = "https://files.pythonhosted.org/packages/1d/21/015e0594de9c3a8d5edd24943d2bd23f102ec71aec026083f822f86497e2/numpy-2.1.2-cp313-cp313-musllinux_1_1_x86_64.whl", hash = "sha256:76322dcdb16fccf2ac56f99048af32259dcc488d9b7e25b51e5eca5147a3fb98", size = 16410865 },
    { url = "https://files.pythonhosted.org/packages/df/01/c1bcf9e6025d79077fbf3f3ee503b50aa7bfabfcd8f4b54f5829f4c00f3f/numpy-2.1.2-cp313-cp313-musllinux_1_2_aarch64.whl", hash = "sha256:32e16a03138cabe0cb28e1007ee82264296ac0983714094380b408097a418cfe", size = 14078077 },
    { url = "https://files.pythonhosted.org/packages/ba/06/db9d127d63bd11591770ba9f3d960f8041e0f895184b9351d4b1b5b56983/numpy-2.1.2-cp313-cp313-win32.whl", hash = "sha256:242b39d00e4944431a3cd2db2f5377e15b5785920421993770cddb89992c3f3a", size = 6234904 },
    { url = "https://files.pythonhosted.org/packages/a9/96/9f61f8f95b6e0ea0aa08633b704c75d1882bdcb331bdf8bfd63263b25b00/numpy-2.1.2-cp313-cp313-win_amd64.whl", hash = "sha256:f2ded8d9b6f68cc26f8425eda5d3877b47343e68ca23d0d0846f4d312ecaa445", size = 12561910 },
    { url = "https://files.pythonhosted.org/packages/36/b8/033f627821784a48e8f75c218033471eebbaacdd933f8979c79637a1b44b/numpy-2.1.2-cp313-cp313t-macosx_10_13_x86_64.whl", hash = "sha256:2ffef621c14ebb0188a8633348504a35c13680d6da93ab5cb86f4e54b7e922b5", size = 20857719 },
    { url = "https://files.pythonhosted.org/packages/96/46/af5726fde5b74ed83f2f17a73386d399319b7ed4d51279fb23b721d0816d/numpy-2.1.2-cp313-cp313t-macosx_11_0_arm64.whl", hash = "sha256:ad369ed238b1959dfbade9018a740fb9392c5ac4f9b5173f420bd4f37ba1f7a0", size = 13518826 },
    { url = "https://files.pythonhosted.org/packages/db/6e/8ce677edf36da1c4dae80afe5529f47690697eb55b4864673af260ccea7b/numpy-2.1.2-cp313-cp313t-macosx_14_0_arm64.whl", hash = "sha256:d82075752f40c0ddf57e6e02673a17f6cb0f8eb3f587f63ca1eaab5594da5b17", size = 5115036 },
    { url = "https://files.pythonhosted.org/packages/6a/ba/3cce44fb1b8438042c11847048812a776f75ee0e7070179c22e4cfbf420c/numpy-2.1.2-cp313-cp313t-macosx_14_0_x86_64.whl", hash = "sha256:1600068c262af1ca9580a527d43dc9d959b0b1d8e56f8a05d830eea39b7c8af6", size = 6628641 },
    { url = "https://files.pythonhosted.org/packages/59/c8/e722998720ccbd35ffbcf1d1b8ed0aa2304af88d3f1c38e06ebf983599b3/numpy-2.1.2-cp313-cp313t-manylinux_2_17_aarch64.manylinux2014_aarch64.whl", hash = "sha256:a26ae94658d3ba3781d5e103ac07a876b3e9b29db53f68ed7df432fd033358a8", size = 13574803 },
    { url = "https://files.pythonhosted.org/packages/7c/8e/fc1fdd83a55476765329ac2913321c4aed5b082a7915095628c4ca30ea72/numpy-2.1.2-cp313-cp313t-manylinux_2_17_x86_64.manylinux2014_x86_64.whl", hash = "sha256:13311c2db4c5f7609b462bc0f43d3c465424d25c626d95040f073e30f7570e35", size = 16021174 },
    { url = "https://files.pythonhosted.org/packages/2a/b6/a790742aa88067adb4bd6c89a946778c1417d4deaeafce3ca928f26d4c52/numpy-2.1.2-cp313-cp313t-musllinux_1_1_x86_64.whl", hash = "sha256:2abbf905a0b568706391ec6fa15161fad0fb5d8b68d73c461b3c1bab6064dd62", size = 16400117 },
    { url = "https://files.pythonhosted.org/packages/48/6f/129e3c17e3befe7fefdeaa6890f4c4df3f3cf0831aa053802c3862da67aa/numpy-2.1.2-cp313-cp313t-musllinux_1_2_aarch64.whl", hash = "sha256:ef444c57d664d35cac4e18c298c47d7b504c66b17c2ea91312e979fcfbdfb08a", size = 14066202 },
]

[[package]]
name = "pillow"
version = "11.0.0"
source = { registry = "https://pypi.org/simple" }
sdist = { url = "https://files.pythonhosted.org/packages/a5/26/0d95c04c868f6bdb0c447e3ee2de5564411845e36a858cfd63766bc7b563/pillow-11.0.0.tar.gz", hash = "sha256:72bacbaf24ac003fea9bff9837d1eedb6088758d41e100c1552930151f677739", size = 46737780 }
wheels = [
    { url = "https://files.pythonhosted.org/packages/1c/a3/26e606ff0b2daaf120543e537311fa3ae2eb6bf061490e4fea51771540be/pillow-11.0.0-cp312-cp312-macosx_10_13_x86_64.whl", hash = "sha256:d2c0a187a92a1cb5ef2c8ed5412dd8d4334272617f532d4ad4de31e0495bd923", size = 3147642 },
    { url = "https://files.pythonhosted.org/packages/4f/d5/1caabedd8863526a6cfa44ee7a833bd97f945dc1d56824d6d76e11731939/pillow-11.0.0-cp312-cp312-macosx_11_0_arm64.whl", hash = "sha256:084a07ef0821cfe4858fe86652fffac8e187b6ae677e9906e192aafcc1b69903", size = 2978999 },
    { url = "https://files.pythonhosted.org/packages/d9/ff/5a45000826a1aa1ac6874b3ec5a856474821a1b59d838c4f6ce2ee518fe9/pillow-11.0.0-cp312-cp312-manylinux_2_17_aarch64.manylinux2014_aarch64.whl", hash = "sha256:8069c5179902dcdce0be9bfc8235347fdbac249d23bd90514b7a47a72d9fecf4", size = 4196794 },
    { url = "https://files.pythonhosted.org/packages/9d/21/84c9f287d17180f26263b5f5c8fb201de0f88b1afddf8a2597a5c9fe787f/pillow-11.0.0-cp312-cp312-manylinux_2_17_x86_64.manylinux2014_x86_64.whl", hash = "sha256:f02541ef64077f22bf4924f225c0fd1248c168f86e4b7abdedd87d6ebaceab0f", size = 4300762 },
    { url = "https://files.pythonhosted.org/packages/84/39/63fb87cd07cc541438b448b1fed467c4d687ad18aa786a7f8e67b255d1aa/pillow-11.0.0-cp312-cp312-manylinux_2_28_aarch64.whl", hash = "sha256:fcb4621042ac4b7865c179bb972ed0da0218a076dc1820ffc48b1d74c1e37fe9", size = 4210468 },
    { url = "https://files.pythonhosted.org/packages/7f/42/6e0f2c2d5c60f499aa29be14f860dd4539de322cd8fb84ee01553493fb4d/pillow-11.0.0-cp312-cp312-manylinux_2_28_x86_64.whl", hash = "sha256:00177a63030d612148e659b55ba99527803288cea7c75fb05766ab7981a8c1b7", size = 4381824 },
    { url = "https://files.pythonhosted.org/packages/31/69/1ef0fb9d2f8d2d114db982b78ca4eeb9db9a29f7477821e160b8c1253f67/pillow-11.0.0-cp312-cp312-musllinux_1_2_aarch64.whl", hash = "sha256:8853a3bf12afddfdf15f57c4b02d7ded92c7a75a5d7331d19f4f9572a89c17e6", size = 4296436 },
    { url = "https://files.pythonhosted.org/packages/44/ea/dad2818c675c44f6012289a7c4f46068c548768bc6c7f4e8c4ae5bbbc811/pillow-11.0.0-cp312-cp312-musllinux_1_2_x86_64.whl", hash = "sha256:3107c66e43bda25359d5ef446f59c497de2b5ed4c7fdba0894f8d6cf3822dafc", size = 4429714 },
    { url = "https://files.pythonhosted.org/packages/af/3a/da80224a6eb15bba7a0dcb2346e2b686bb9bf98378c0b4353cd88e62b171/pillow-11.0.0-cp312-cp312-win32.whl", hash = "sha256:86510e3f5eca0ab87429dd77fafc04693195eec7fd6a137c389c3eeb4cfb77c6", size = 2249631 },
    { url = "https://files.pythonhosted.org/packages/57/97/73f756c338c1d86bb802ee88c3cab015ad7ce4b838f8a24f16b676b1ac7c/pillow-11.0.0-cp312-cp312-win_amd64.whl", hash = "sha256:8ec4a89295cd6cd4d1058a5e6aec6bf51e0eaaf9714774e1bfac7cfc9051db47", size = 2567533 },
    { url = "https://files.pythonhosted.org/packages/0b/30/2b61876e2722374558b871dfbfcbe4e406626d63f4f6ed92e9c8e24cac37/pillow-11.0.0-cp312-cp312-win_arm64.whl", hash = "sha256:27a7860107500d813fcd203b4ea19b04babe79448268403172782754870dac25", size = 2254890 },
    { url = "https://files.pythonhosted.org/packages/63/24/e2e15e392d00fcf4215907465d8ec2a2f23bcec1481a8ebe4ae760459995/pillow-11.0.0-cp313-cp313-macosx_10_13_x86_64.whl", hash = "sha256:bcd1fb5bb7b07f64c15618c89efcc2cfa3e95f0e3bcdbaf4642509de1942a699", size = 3147300 },
    { url = "https://files.pythonhosted.org/packages/43/72/92ad4afaa2afc233dc44184adff289c2e77e8cd916b3ddb72ac69495bda3/pillow-11.0.0-cp313-cp313-macosx_11_0_arm64.whl", hash = "sha256:0e038b0745997c7dcaae350d35859c9715c71e92ffb7e0f4a8e8a16732150f38", size = 2978742 },
    { url = "https://files.pythonhosted.org/packages/9e/da/c8d69c5bc85d72a8523fe862f05ababdc52c0a755cfe3d362656bb86552b/pillow-11.0.0-cp313-cp313-manylinux_2_17_aarch64.manylinux2014_aarch64.whl", hash = "sha256:0ae08bd8ffc41aebf578c2af2f9d8749d91f448b3bfd41d7d9ff573d74f2a6b2", size = 4194349 },
    { url = "https://files.pythonhosted.org/packages/cd/e8/686d0caeed6b998351d57796496a70185376ed9c8ec7d99e1d19ad591fc6/pillow-11.0.0-cp313-cp313-manylinux_2_17_x86_64.manylinux2014_x86_64.whl", hash = "sha256:d69bfd8ec3219ae71bcde1f942b728903cad25fafe3100ba2258b973bd2bc1b2", size = 4298714 },
    { url = "https://files.pythonhosted.org/packages/ec/da/430015cec620d622f06854be67fd2f6721f52fc17fca8ac34b32e2d60739/pillow-11.0.0-cp313-cp313-manylinux_2_28_aarch64.whl", hash = "sha256:61b887f9ddba63ddf62fd02a3ba7add935d053b6dd7d58998c630e6dbade8527", size = 4208514 },
    { url = "https://files.pythonhosted.org/packages/44/ae/7e4f6662a9b1cb5f92b9cc9cab8321c381ffbee309210940e57432a4063a/pillow-11.0.0-cp313-cp313-manylinux_2_28_x86_64.whl", hash = "sha256:c6a660307ca9d4867caa8d9ca2c2658ab685de83792d1876274991adec7b93fa", size = 4380055 },
    { url = "https://files.pythonhosted.org/packages/74/d5/1a807779ac8a0eeed57f2b92a3c32ea1b696e6140c15bd42eaf908a261cd/pillow-11.0.0-cp313-cp313-musllinux_1_2_aarch64.whl", hash = "sha256:73e3a0200cdda995c7e43dd47436c1548f87a30bb27fb871f352a22ab8dcf45f", size = 4296751 },
    { url = "https://files.pythonhosted.org/packages/38/8c/5fa3385163ee7080bc13026d59656267daaaaf3c728c233d530e2c2757c8/pillow-11.0.0-cp313-cp313-musllinux_1_2_x86_64.whl", hash = "sha256:fba162b8872d30fea8c52b258a542c5dfd7b235fb5cb352240c8d63b414013eb", size = 4430378 },
    { url = "https://files.pythonhosted.org/packages/ca/1d/ad9c14811133977ff87035bf426875b93097fb50af747793f013979facdb/pillow-11.0.0-cp313-cp313-win32.whl", hash = "sha256:f1b82c27e89fffc6da125d5eb0ca6e68017faf5efc078128cfaa42cf5cb38798", size = 2249588 },
    { url = "https://files.pythonhosted.org/packages/fb/01/3755ba287dac715e6afdb333cb1f6d69740a7475220b4637b5ce3d78cec2/pillow-11.0.0-cp313-cp313-win_amd64.whl", hash = "sha256:8ba470552b48e5835f1d23ecb936bb7f71d206f9dfeee64245f30c3270b994de", size = 2567509 },
    { url = "https://files.pythonhosted.org/packages/c0/98/2c7d727079b6be1aba82d195767d35fcc2d32204c7a5820f822df5330152/pillow-11.0.0-cp313-cp313-win_arm64.whl", hash = "sha256:846e193e103b41e984ac921b335df59195356ce3f71dcfd155aa79c603873b84", size = 2254791 },
    { url = "https://files.pythonhosted.org/packages/eb/38/998b04cc6f474e78b563716b20eecf42a2fa16a84589d23c8898e64b0ffd/pillow-11.0.0-cp313-cp313t-macosx_10_13_x86_64.whl", hash = "sha256:4ad70c4214f67d7466bea6a08061eba35c01b1b89eaa098040a35272a8efb22b", size = 3150854 },
    { url = "https://files.pythonhosted.org/packages/13/8e/be23a96292113c6cb26b2aa3c8b3681ec62b44ed5c2bd0b258bd59503d3c/pillow-11.0.0-cp313-cp313t-macosx_11_0_arm64.whl", hash = "sha256:6ec0d5af64f2e3d64a165f490d96368bb5dea8b8f9ad04487f9ab60dc4bb6003", size = 2982369 },
    { url = "https://files.pythonhosted.org/packages/97/8a/3db4eaabb7a2ae8203cd3a332a005e4aba00067fc514aaaf3e9721be31f1/pillow-11.0.0-cp313-cp313t-manylinux_2_17_x86_64.manylinux2014_x86_64.whl", hash = "sha256:c809a70e43c7977c4a42aefd62f0131823ebf7dd73556fa5d5950f5b354087e2", size = 4333703 },
    { url = "https://files.pythonhosted.org/packages/28/ac/629ffc84ff67b9228fe87a97272ab125bbd4dc462745f35f192d37b822f1/pillow-11.0.0-cp313-cp313t-manylinux_2_28_x86_64.whl", hash = "sha256:4b60c9520f7207aaf2e1d94de026682fc227806c6e1f55bba7606d1c94dd623a", size = 4412550 },
    { url = "https://files.pythonhosted.org/packages/d6/07/a505921d36bb2df6868806eaf56ef58699c16c388e378b0dcdb6e5b2fb36/pillow-11.0.0-cp313-cp313t-musllinux_1_2_x86_64.whl", hash = "sha256:1e2688958a840c822279fda0086fec1fdab2f95bf2b717b66871c4ad9859d7e8", size = 4461038 },
    { url = "https://files.pythonhosted.org/packages/d6/b9/fb620dd47fc7cc9678af8f8bd8c772034ca4977237049287e99dda360b66/pillow-11.0.0-cp313-cp313t-win32.whl", hash = "sha256:607bbe123c74e272e381a8d1957083a9463401f7bd01287f50521ecb05a313f8", size = 2253197 },
    { url = "https://files.pythonhosted.org/packages/df/86/25dde85c06c89d7fc5db17940f07aae0a56ac69aa9ccb5eb0f09798862a8/pillow-11.0.0-cp313-cp313t-win_amd64.whl", hash = "sha256:5c39ed17edea3bc69c743a8dd3e9853b7509625c2462532e62baa0732163a904", size = 2572169 },
    { url = "https://files.pythonhosted.org/packages/51/85/9c33f2517add612e17f3381aee7c4072779130c634921a756c97bc29fb49/pillow-11.0.0-cp313-cp313t-win_arm64.whl", hash = "sha256:75acbbeb05b86bc53cbe7b7e6fe00fbcf82ad7c684b3ad82e3d711da9ba287d3", size = 2256828 },
]

[[package]]
name = "powersnail-github-io"
version = "0.1.0"
source = { virtual = "." }
dependencies = [
    { name = "appdirs" },
    { name = "inotify" },
    { name = "more-itertools" },
    { name = "numpy" },
    { name = "pillow" },
    { name = "pygments" },
    { name = "rich" },
    { name = "selectolax" },
    { name = "typer" },
]

[package.dev-dependencies]
dev = [
    { name = "ruff" },
]

[package.metadata]
requires-dist = [
    { name = "appdirs", specifier = ">=1.4.4" },
    { name = "inotify", specifier = ">=0.2.10" },
    { name = "more-itertools", specifier = ">=10.5.0" },
    { name = "numpy", specifier = ">=2.1.2" },
    { name = "pillow", specifier = ">=11.0.0" },
    { name = "pygments", specifier = ">=2.18.0" },
    { name = "rich", specifier = ">=13.9.3" },
    { name = "selectolax", specifier = ">=0.3.25" },
    { name = "typer", specifier = ">=0.12.5" },
]

[package.metadata.requires-dev]
dev = [{ name = "ruff", specifier = ">=0.7.1" }]

[[package]]
name = "pygments"
version = "2.18.0"
source = { registry = "https://pypi.org/simple" }
sdist = { url = "https://files.pythonhosted.org/packages/8e/62/8336eff65bcbc8e4cb5d05b55faf041285951b6e80f33e2bff2024788f31/pygments-2.18.0.tar.gz", hash = "sha256:786ff802f32e91311bff3889f6e9a86e81505fe99f2735bb6d60ae0c5004f199", size = 4891905 }
wheels = [
    { url = "https://files.pythonhosted.org/packages/f7/3f/01c8b82017c199075f8f788d0d906b9ffbbc5a47dc9918a945e13d5a2bda/pygments-2.18.0-py3-none-any.whl", hash = "sha256:b8e6aca0523f3ab76fee51799c488e38782ac06eafcf95e7ba832985c8e7b13a", size = 1205513 },
]

[[package]]
name = "rich"
version = "13.9.3"
source = { registry = "https://pypi.org/simple" }
dependencies = [
    { name = "markdown-it-py" },
    { name = "pygments" },
]
sdist = { url = "https://files.pythonhosted.org/packages/d9/e9/cf9ef5245d835065e6673781dbd4b8911d352fb770d56cf0879cf11b7ee1/rich-13.9.3.tar.gz", hash = "sha256:bc1e01b899537598cf02579d2b9f4a415104d3fc439313a7a2c165d76557a08e", size = 222889 }
wheels = [
    { url = "https://files.pythonhosted.org/packages/9a/e2/10e9819cf4a20bd8ea2f5dabafc2e6bf4a78d6a0965daeb60a4b34d1c11f/rich-13.9.3-py3-none-any.whl", hash = "sha256:9836f5096eb2172c9e77df411c1b009bace4193d6a481d534fea75ebba758283", size = 242157 },
]

[[package]]
name = "ruff"
version = "0.7.1"
source = { registry = "https://pypi.org/simple" }
sdist = { url = "https://files.pythonhosted.org/packages/a6/21/5c6e05e0fd3fbb41be4fb92edbc9a04de70baf60adb61435ce0c6b8c3d55/ruff-0.7.1.tar.gz", hash = "sha256:9d8a41d4aa2dad1575adb98a82870cf5db5f76b2938cf2206c22c940034a36f4", size = 3181670 }
wheels = [
    { url = "https://files.pythonhosted.org/packages/65/45/8a20a9920175c9c4892b2420f80ff3cf14949cf3067118e212f9acd9c908/ruff-0.7.1-py3-none-linux_armv6l.whl", hash = "sha256:cb1bc5ed9403daa7da05475d615739cc0212e861b7306f314379d958592aaa89", size = 10389268 },
    { url = "https://files.pythonhosted.org/packages/1b/d3/2f8382db2cf4f9488e938602e33e36287f9d26cb283aa31f11c31297ce79/ruff-0.7.1-py3-none-macosx_10_12_x86_64.whl", hash = "sha256:27c1c52a8d199a257ff1e5582d078eab7145129aa02721815ca8fa4f9612dc35", size = 10188348 },
    { url = "https://files.pythonhosted.org/packages/a2/31/7d14e2a88da351200f844b7be889a0845d9e797162cf76b136d21b832a23/ruff-0.7.1-py3-none-macosx_11_0_arm64.whl", hash = "sha256:588a34e1ef2ea55b4ddfec26bbe76bc866e92523d8c6cdec5e8aceefeff02d99", size = 9841448 },
    { url = "https://files.pythonhosted.org/packages/db/99/738cafdc768eceeca0bd26c6f03e213aa91203d2278e1d95b1c31c4ece41/ruff-0.7.1-py3-none-manylinux_2_17_aarch64.manylinux2014_aarch64.whl", hash = "sha256:94fc32f9cdf72dc75c451e5f072758b118ab8100727168a3df58502b43a599ca", size = 10674864 },
    { url = "https://files.pythonhosted.org/packages/fe/12/bcf2836b50eab53c65008383e7d55201e490d75167c474f14a16e1af47d2/ruff-0.7.1-py3-none-manylinux_2_17_armv7l.manylinux2014_armv7l.whl", hash = "sha256:985818742b833bffa543a84d1cc11b5e6871de1b4e0ac3060a59a2bae3969250", size = 10192105 },
    { url = "https://files.pythonhosted.org/packages/2b/71/261d5d668bf98b6c44e89bfb5dfa4cb8cb6c8b490a201a3d8030e136ea4f/ruff-0.7.1-py3-none-manylinux_2_17_i686.manylinux2014_i686.whl", hash = "sha256:32f1e8a192e261366c702c5fb2ece9f68d26625f198a25c408861c16dc2dea9c", size = 11194144 },
    { url = "https://files.pythonhosted.org/packages/90/1f/0926d18a3b566fa6e7b3b36093088e4ffef6b6ba4ea85a462d9a93f7e35c/ruff-0.7.1-py3-none-manylinux_2_17_ppc64.manylinux2014_ppc64.whl", hash = "sha256:699085bf05819588551b11751eff33e9ca58b1b86a6843e1b082a7de40da1565", size = 11917066 },
    { url = "https://files.pythonhosted.org/packages/cd/a8/9fac41f128b6a44ab4409c1493430b4ee4b11521e8aeeca19bfe1ce851f9/ruff-0.7.1-py3-none-manylinux_2_17_ppc64le.manylinux2014_ppc64le.whl", hash = "sha256:344cc2b0814047dc8c3a8ff2cd1f3d808bb23c6658db830d25147339d9bf9ea7", size = 11458821 },
    { url = "https://files.pythonhosted.org/packages/25/cd/59644168f086ab13fe4e02943b9489a0aa710171f66b178e179df5383554/ruff-0.7.1-py3-none-manylinux_2_17_s390x.manylinux2014_s390x.whl", hash = "sha256:4316bbf69d5a859cc937890c7ac7a6551252b6a01b1d2c97e8fc96e45a7c8b4a", size = 12700379 },
    { url = "https://files.pythonhosted.org/packages/fb/30/3bac63619eb97174661829c07fc46b2055a053dee72da29d7c304c1cd2c0/ruff-0.7.1-py3-none-manylinux_2_17_x86_64.manylinux2014_x86_64.whl", hash = "sha256:79d3af9dca4c56043e738a4d6dd1e9444b6d6c10598ac52d146e331eb155a8ad", size = 11019813 },
    { url = "https://files.pythonhosted.org/packages/4b/af/f567b885b5cb3bcdbcca3458ebf210cc8c9c7a9f61c332d3c2a050c3b21e/ruff-0.7.1-py3-none-musllinux_1_2_aarch64.whl", hash = "sha256:c5c121b46abde94a505175524e51891f829414e093cd8326d6e741ecfc0a9112", size = 10662146 },
    { url = "https://files.pythonhosted.org/packages/bc/ad/eb930d3ad117a9f2f7261969c21559ebd82bb13b6e8001c7caed0d44be5f/ruff-0.7.1-py3-none-musllinux_1_2_armv7l.whl", hash = "sha256:8422104078324ea250886954e48f1373a8fe7de59283d747c3a7eca050b4e378", size = 10256911 },
    { url = "https://files.pythonhosted.org/packages/20/d5/af292ce70a016fcec792105ca67f768b403dd480a11888bc1f418fed0dd5/ruff-0.7.1-py3-none-musllinux_1_2_i686.whl", hash = "sha256:56aad830af8a9db644e80098fe4984a948e2b6fc2e73891538f43bbe478461b8", size = 10767488 },
    { url = "https://files.pythonhosted.org/packages/24/85/cc04a3bd027f433bebd2a097e63b3167653c079f7f13d8f9a1178e693412/ruff-0.7.1-py3-none-musllinux_1_2_x86_64.whl", hash = "sha256:658304f02f68d3a83c998ad8bf91f9b4f53e93e5412b8f2388359d55869727fd", size = 11093368 },
    { url = "https://files.pythonhosted.org/packages/0b/fb/c39cbf32d1f3e318674b8622f989417231794926b573f76dd4d0ca49f0f1/ruff-0.7.1-py3-none-win32.whl", hash = "sha256:b517a2011333eb7ce2d402652ecaa0ac1a30c114fbbd55c6b8ee466a7f600ee9", size = 8594180 },
    { url = "https://files.pythonhosted.org/packages/5a/71/ec8cdea34ecb90c830ca60d54ac7b509a7b5eab50fae27e001d4470fe813/ruff-0.7.1-py3-none-win_amd64.whl", hash = "sha256:f38c41fcde1728736b4eb2b18850f6d1e3eedd9678c914dede554a70d5241307", size = 9419751 },
    { url = "https://files.pythonhosted.org/packages/79/7b/884553415e9f0a9bf358ed52fb68b934e67ef6c5a62397ace924a1afdf9a/ruff-0.7.1-py3-none-win_arm64.whl", hash = "sha256:19aa200ec824c0f36d0c9114c8ec0087082021732979a359d6f3c390a6ff2a37", size = 8717402 },
]

[[package]]
name = "selectolax"
version = "0.3.25"
source = { registry = "https://pypi.org/simple" }
sdist = { url = "https://files.pythonhosted.org/packages/26/f2/e498a6b3723da1ed1bda39165f9ef436d2f6eaf39435ed3145bccdab2a98/selectolax-0.3.25.tar.gz", hash = "sha256:55aee394fe9d69c81d2c6dd246fc21a822aa8d030e3d0dc1d92f2e8fc68b0f5a", size = 3610575 }
wheels = [
    { url = "https://files.pythonhosted.org/packages/45/2c/cce2bcc9b1455a2472af072e7be43714269bec8be43ff576bd01b9dd8ce5/selectolax-0.3.25-cp312-cp312-macosx_10_13_universal2.whl", hash = "sha256:5aede75c36d30e0a9bfff83e125c092c393b1a4c037f7110563e5c88d0b5dc3a", size = 5850901 },
    { url = "https://files.pythonhosted.org/packages/a1/9c/a8edbb57a4a2c73e56142fbc896c7f9de1ff527f9609f9dd620afaf5362a/selectolax-0.3.25-cp312-cp312-macosx_10_13_x86_64.whl", hash = "sha256:92db0b937378d739e005042ac00b391e9617e2b5dd64b296e6a435a1080f1283", size = 3162812 },
    { url = "https://files.pythonhosted.org/packages/3d/f1/065c06c7b3d0de0a5dcaa13b0b184c8e8d728a950a2e15ffda9bfd5e17e4/selectolax-0.3.25-cp312-cp312-manylinux_2_17_aarch64.manylinux2014_aarch64.whl", hash = "sha256:957b45f269b917d313a36619443edfea5a57fee608856a1be6599b6f7ce267c8", size = 7656632 },
    { url = "https://files.pythonhosted.org/packages/fa/de/f18bef7159fcc9108cc7cc9a7d7267cc497e6c27a633f16424d00a3a7e13/selectolax-0.3.25-cp312-cp312-manylinux_2_17_x86_64.manylinux2014_x86_64.whl", hash = "sha256:d0343ec3dc01ced50a431d179d1fc95ed2fe4bcc9face188f87188e0ce1b2950", size = 7698864 },
    { url = "https://files.pythonhosted.org/packages/5b/30/8a7eccc04950b2de9cbe83053efbde3fe3d616dc221493491f8a3c69311c/selectolax-0.3.25-cp312-cp312-manylinux_2_5_i686.manylinux1_i686.manylinux_2_17_i686.manylinux2014_i686.whl", hash = "sha256:944f02184690f06d78a716ec4495f932303c1f49bd01a6c6bc05cd1f22469fa5", size = 7084492 },
    { url = "https://files.pythonhosted.org/packages/57/6a/883d1d000d15707f4ac079e4446a19ccb3ea88f55ee0eebff310c17250d6/selectolax-0.3.25-cp312-cp312-musllinux_1_2_aarch64.whl", hash = "sha256:c95b8a1d51bd7bfb78fdccb06b70110b4da86c9175058f9918de5d4c7a652ad7", size = 7495514 },
    { url = "https://files.pythonhosted.org/packages/45/fe/17f6cef5a1267ade1a20607bb4d173704e3bbbe9a0e7088f130eee28d4d4/selectolax-0.3.25-cp312-cp312-musllinux_1_2_i686.whl", hash = "sha256:1940a551491ac0df39adc02edb17399badbc38d6a76e67e30007ed1b9379a921", size = 7086332 },
    { url = "https://files.pythonhosted.org/packages/84/e4/390220deb87d057c4e87d0cd84187db798b50a5251fe300b38a070dcc911/selectolax-0.3.25-cp312-cp312-musllinux_1_2_x86_64.whl", hash = "sha256:3e6babbd266db0cb720bb60e9c936c8fe2e6b44401acaf0c7d41c06bee4f7289", size = 7604787 },
    { url = "https://files.pythonhosted.org/packages/c3/03/318083e04d2efe3840a85c11e60231ae213f7a31b9ae51c807f72ad2d92c/selectolax-0.3.25-cp312-cp312-win32.whl", hash = "sha256:50534cd3f49fa88b1fccb98dd56ef3cbbdca04a4fd57744e698f03879e563e3b", size = 2335417 },
    { url = "https://files.pythonhosted.org/packages/de/87/c278f20a6425ba3a4f4186806af8e7bdcb679efe8fa3a24c3b27281f274d/selectolax-0.3.25-cp312-cp312-win_amd64.whl", hash = "sha256:e0b7b66be57d644b978a696cb133275d8d53d83a59a62567aacfeb121416171d", size = 2483965 },
    { url = "https://files.pythonhosted.org/packages/1a/4d/b83484798cb1ada24c0956e456ddbd510e20324eedb6991ec47c28618cf4/selectolax-0.3.25-cp313-cp313-macosx_10_13_universal2.whl", hash = "sha256:d0ac08f8e9eee4a33cfe8080cc52f6dbf73f640e95ca24c36e55ef50dd0be759", size = 5848591 },
    { url = "https://files.pythonhosted.org/packages/13/1b/2ecf54dddae8e517bcef20db627f177ed2cfa70f76f161cca58b0c9a0e29/selectolax-0.3.25-cp313-cp313-macosx_10_13_x86_64.whl", hash = "sha256:d4bba7a6dfbd0c5b7eec2a1ab5423b3d3d013a7d12fba52275c5e71d9debc0dd", size = 3160818 },
    { url = "https://files.pythonhosted.org/packages/a9/12/51a76c6bd97194340f8c41799746bcb78b81fa39bf04fae1d5c7cf36c7fb/selectolax-0.3.25-cp313-cp313-manylinux_2_17_aarch64.manylinux2014_aarch64.whl", hash = "sha256:c692d008a3998fd7f8e0574e1483893aa9fc4713594dbd4b055c8d65c59cebe9", size = 7628568 },
    { url = "https://files.pythonhosted.org/packages/87/76/c17d6a8fa64b35a2e7b932b2ebe32735b25012c4b3951b38b536a72261e6/selectolax-0.3.25-cp313-cp313-manylinux_2_17_x86_64.manylinux2014_x86_64.whl", hash = "sha256:be987250e7f87ef021b390ea158e34f0fff343e445440b7810d33bc4d2b58d44", size = 7670508 },
    { url = "https://files.pythonhosted.org/packages/4f/91/cebefcb56ea17603292783f2b8dd66681833510fbb48c7073d55d94d55d5/selectolax-0.3.25-cp313-cp313-manylinux_2_5_i686.manylinux1_i686.manylinux_2_17_i686.manylinux2014_i686.whl", hash = "sha256:2957587198ee3909783f5bcf8ded4f2254de1297dcb96fb623661cfe8d79734c", size = 7057731 },
    { url = "https://files.pythonhosted.org/packages/a1/a1/dbf4a29afb3bee21e0057dc76856825e5790c5d875f4cfe7b46b65d3fa4c/selectolax-0.3.25-cp313-cp313-musllinux_1_2_aarch64.whl", hash = "sha256:2846a1ecd4733db7c71f973370d639c6ca104390252241db3f94f69f16aaa9b8", size = 7440039 },
    { url = "https://files.pythonhosted.org/packages/e8/85/4f63f207d3943f3495994f0fecb8c6282c0146568293cdaa88ff4c70a570/selectolax-0.3.25-cp313-cp313-musllinux_1_2_i686.whl", hash = "sha256:d56ebb0ffbf3680290a65aaeb57059533669f59002dcaa77c25688559cd6d8d6", size = 7011379 },
    { url = "https://files.pythonhosted.org/packages/c6/ca/8c4719701fa3d9b9b7b6d47dc92e2f757d2e6cca156c9eba289b36be878e/selectolax-0.3.25-cp313-cp313-musllinux_1_2_x86_64.whl", hash = "sha256:48895dd8bb664e534b1955cf8bc32574ba96566cd92fe143da4cdf64c2f91756", size = 7542571 },
    { url = "https://files.pythonhosted.org/packages/01/e3/f9bd51b501b9506f338e6dab051cf28cbea3548ca42f9a2ceda604474dd7/selectolax-0.3.25-cp313-cp313-win32.whl", hash = "sha256:2cf7920130d87243114194b41a343aa7970f7efd830e60bad8199cfc7d48381b", size = 2335018 },
    { url = "https://files.pythonhosted.org/packages/0e/a7/6e1d8110c8750cf3a0c5346e95add856fe8a927c0bc044840f3ab30bc7a8/selectolax-0.3.25-cp313-cp313-win_amd64.whl", hash = "sha256:b83a3580a3af4d0a94f9c01d2164ecb5f56925630e2914cddf0f1b8873bbf9f9", size = 2484258 },
]

[[package]]
name = "shellingham"
version = "1.5.4"
source = { registry = "https://pypi.org/simple" }
sdist = { url = "https://files.pythonhosted.org/packages/58/15/8b3609fd3830ef7b27b655beb4b4e9c62313a4e8da8c676e142cc210d58e/shellingham-1.5.4.tar.gz", hash = "sha256:8dbca0739d487e5bd35ab3ca4b36e11c4078f3a234bfce294b0a0291363404de", size = 10310 }
wheels = [
    { url = "https://files.pythonhosted.org/packages/e0/f9/0595336914c5619e5f28a1fb793285925a8cd4b432c9da0a987836c7f822/shellingham-1.5.4-py2.py3-none-any.whl", hash = "sha256:7ecfff8f2fd72616f7481040475a65b2bf8af90a56c89140852d1120324e8686", size = 9755 },
]

[[package]]
name = "typer"
version = "0.12.5"
source = { registry = "https://pypi.org/simple" }
dependencies = [
    { name = "click" },
    { name = "rich" },
    { name = "shellingham" },
    { name = "typing-extensions" },
]
sdist = { url = "https://files.pythonhosted.org/packages/c5/58/a79003b91ac2c6890fc5d90145c662fd5771c6f11447f116b63300436bc9/typer-0.12.5.tar.gz", hash = "sha256:f592f089bedcc8ec1b974125d64851029c3b1af145f04aca64d69410f0c9b722", size = 98953 }
wheels = [
    { url = "https://files.pythonhosted.org/packages/a8/2b/886d13e742e514f704c33c4caa7df0f3b89e5a25ef8db02aa9ca3d9535d5/typer-0.12.5-py3-none-any.whl", hash = "sha256:62fe4e471711b147e3365034133904df3e235698399bc4de2b36c8579298d52b", size = 47288 },
]

[[package]]
name = "typing-extensions"
version = "4.12.2"
source = { registry = "https://pypi.org/simple" }
sdist = { url = "https://files.pythonhosted.org/packages/df/db/f35a00659bc03fec321ba8bce9420de607a1d37f8342eee1863174c69557/typing_extensions-4.12.2.tar.gz", hash = "sha256:1a7ead55c7e559dd4dee8856e3a88b41225abfe1ce8df57b7c13915fe121ffb8", size = 85321 }
wheels = [
    { url = "https://files.pythonhosted.org/packages/26/9f/ad63fc0248c5379346306f8668cda6e2e2e9c95e01216d2b8ffd9ff037d0/typing_extensions-4.12.2-py3-none-any.whl", hash = "sha256:04e5ca0351e0f3f85c6853954072df659d0d13fac324d0072316b67d7794700d", size = 37438 },
]
